// !$*UTF8*$!
{
	archiveVersion = 1;
	classes = {
	};
	objectVersion = 46;
	objects = {

/* Begin PBXBuildFile section */
		A90AE7BC1C83FE1F00CB472A /* AppDelegate.swift in Sources */ = {isa = PBXBuildFile; fileRef = A90AE7BB1C83FE1F00CB472A /* AppDelegate.swift */; };
		A90AE7BE1C83FE1F00CB472A /* ViewController.swift in Sources */ = {isa = PBXBuildFile; fileRef = A90AE7BD1C83FE1F00CB472A /* ViewController.swift */; };
		A90AE7C11C83FE1F00CB472A /* Main.storyboard in Resources */ = {isa = PBXBuildFile; fileRef = A90AE7BF1C83FE1F00CB472A /* Main.storyboard */; };
		A90AE7C31C83FE1F00CB472A /* Assets.xcassets in Resources */ = {isa = PBXBuildFile; fileRef = A90AE7C21C83FE1F00CB472A /* Assets.xcassets */; };
		A90AE7C61C83FE1F00CB472A /* LaunchScreen.storyboard in Resources */ = {isa = PBXBuildFile; fileRef = A90AE7C41C83FE1F00CB472A /* LaunchScreen.storyboard */; };
		A90AE7CE1C83FE7900CB472A /* Datos.swift in Sources */ = {isa = PBXBuildFile; fileRef = A90AE7CD1C83FE7900CB472A /* Datos.swift */; };
/* End PBXBuildFile section */

/* Begin PBXFileReference section */
		A90AE7B81C83FE1F00CB472A /* hamburguesas.app */ = {isa = PBXFileReference; explicitFileType = wrapper.application; includeInIndex = 0; path = hamburguesas.app; sourceTree = BUILT_PRODUCTS_DIR; };
		A90AE7BB1C83FE1F00CB472A /* AppDelegate.swift */ = {isa = PBXFileReference; lastKnownFileType = sourcecode.swift; path = AppDelegate.swift; sourceTree = "<group>"; };
		A90AE7BD1C83FE1F00CB472A /* ViewController.swift */ = {isa = PBXFileReference; lastKnownFileType = sourcecode.swift; path = ViewController.swift; sourceTree = "<group>"; };
		A90AE7C01C83FE1F00CB472A /* Base */ = {isa = PBXFileReference; lastKnownFileType = file.storyboard; name = Base; path = Base.lproj/Main.storyboard; sourceTree = "<group>"; };
		A90AE7C21C83FE1F00CB472A /* Assets.xcassets */ = {isa = PBXFileReference; lastKnownFileType = folder.assetcatalog; path = Assets.xcassets; sourceTree = "<group>"; };
		A90AE7C51C83FE1F00CB472A /* Base */ = {isa = PBXFileReference; lastKnownFileType = file.storyboard; name = Base; path = Base.lproj/LaunchScreen.storyboard; sourceTree = "<group>"; };
		A90AE7C71C83FE1F00CB472A /* Info.plist */ = {isa = PBXFileReference; lastKnownFileType = text.plist.xml; path = Info.plist; sourceTree = "<group>"; };
		A90AE7CD1C83FE7900CB472A /* Datos.swift */ = {isa = PBXFileReference; fileEncoding = 4; lastKnownFileType = sourcecode.swift; path = Datos.swift; sourceTree = "<group>"; };
/* End PBXFileReference section */

/* Begin PBXFrameworksBuildPhase section */
		A90AE7B51C83FE1F00CB472A /* Frameworks */ = {
			isa = PBXFrameworksBuildPhase;
			buildActionMask = 2147483647;
			files = (
			);
			runOnlyForDeploymentPostprocessing = 0;
		};
/* End PBXFrameworksBuildPhase section */

/* Begin PBXGroup section */
		A90AE7AF1C83FE1F00CB472A = {
			isa = PBXGroup;
			children = (
				A90AE7BA1C83FE1F00CB472A /* hamburguesas */,
				A90AE7B91C83FE1F00CB472A /* Products */,
			);
			sourceTree = "<group>";
		};
		A90AE7B91C83FE1F00CB472A /* Products */ = {
			isa = PBXGroup;
			children = (
				A90AE7B81C83FE1F00CB472A /* hamburguesas.app */,
			);
			name = Products;
			sourceTree = "<group>";
		};
		A90AE7BA1C83FE1F00CB472A /* hamburguesas */ = {
			isa = PBXGroup;
			children = (
				A90AE7BB1C83FE1F00CB472A /* AppDelegate.swift */,
				A90AE7BD1C83FE1F00CB472A /* ViewController.swift */,
				A90AE7BF1C83FE1F00CB472A /* Main.storyboard */,
				A90AE7C21C83FE1F00CB472A /* Assets.xcassets */,
				A90AE7C41C83FE1F00CB472A /* LaunchScreen.storyboard */,
				A90AE7C71C83FE1F00CB472A /* Info.plist */,
				A90AE7CD1C83FE7900CB472A /* Datos.swift */,
			);
			path = hamburguesas;
			sourceTree = "<group>";
		};
/* End PBXGroup section */

/* Begin PBXNativeTarget section */
		A90AE7B71C83FE1F00CB472A /* hamburguesas */ = {
			isa = PBXNativeTarget;
			buildConfigurationList = A90AE7CA1C83FE1F00CB472A /* Build configuration list for PBXNativeTarget "hamburguesas" */;
			buildPhases = (
				A90AE7B41C83FE1F00CB472A /* Sources */,
				A90AE7B51C83FE1F00CB472A /* Frameworks */,
				A90AE7B61C83FE1F00CB472A /* Resources */,
			);
			buildRules = (
			);
			dependencies = (
			);
			name = hamburguesas;
			productName = hamburguesas;
			productReference = A90AE7B81C83FE1F00CB472A /* hamburguesas.app */;
			productType = "com.apple.product-type.application";
		};
/* End PBXNativeTarget section */

/* Begin PBXProject section */
		A90AE7B01C83FE1F00CB472A /* Project object */ = {
			isa = PBXProject;
			attributes = {
				LastSwiftUpdateCheck = 0720;
				LastUpgradeCheck = 0720;
				ORGANIZATIONNAME = "Antonio Rios";
				TargetAttributes = {
					A90AE7B71C83FE1F00CB472A = {
						CreatedOnToolsVersion = 7.2.1;
					};
				};
			};
			buildConfigurationList = A90AE7B31C83FE1F00CB472A /* Build configuration list for PBXProject "hamburguesas" */;
			compatibilityVersion = "Xcode 3.2";
			developmentRegion = English;
			hasScannedForEncodings = 0;
			knownRegions = (
				en,
				Base,
			);
			mainGroup = A90AE7AF1C83FE1F00CB472A;
			productRefGroup = A90AE7B91C83FE1F00CB472A /* Products */;
			projectDirPath = "";
			projectRoot = "";
			targets = (
				A90AE7B71C83FE1F00CB472A /* hamburguesas */,
			);
		};
/* End PBXProject section */

/* Begin PBXResourcesBuildPhase section */
		A90AE7B61C83FE1F00CB472A /* Resources */ = {
			isa = PBXResourcesBuildPhase;
			buildActionMask = 2147483647;
			files = (
				A90AE7C61C83FE1F00CB472A /* LaunchScreen.storyboard in Resources */,
				A90AE7C31C83FE1F00CB472A /* Assets.xcassets in Resources */,
				A90AE7C11C83FE1F00CB472A /* Main.storyboard in Resources */,
			);
			runOnlyForDeploymentPostprocessing = 0;
		};
/* End PBXResourcesBuildPhase section */

/* Begin PBXSourcesBuildPhase section */
		A90AE7B41C83FE1F00CB472A /* Sources */ = {
			isa = PBXSourcesBuildPhase;
			buildActionMask = 2147483647;
			files = (
				A90AE7BE1C83FE1F00CB472A /* ViewController.swift in Sources */,
				A90AE7BC1C83FE1F00CB472A /* AppDelegate.swift in Sources */,
				A90AE7CE1C83FE7900CB472A /* Datos.swift in Sources */,
			);
			runOnlyForDeploymentPostprocessing = 0;
		};
/* End PBXSourcesBuildPhase section */

/* Begin PBXVariantGroup section */
		A90AE7BF1C83FE1F00CB472A /* Main.storyboard */ = {
			isa = PBXVariantGroup;
			children = (
				A90AE7C01C83FE1F00CB472A /* Base */,
			);
			name = Main.storyboard;
			sourceTree = "<group>";
		};
		A90AE7C41C83FE1F00CB472A /* LaunchScreen.storyboard */ = {
			isa = PBXVariantGroup;
			children = (
				A90AE7C51C83FE1F00CB472A /* Base */,
			);
			name = LaunchScreen.storyboard;
			sourceTree = "<group>";
		};
/* End PBXVariantGroup section */

/* Begin XCBuildConfiguration section */
		A90AE7C81C83FE1F00CB472A /* Debug */ = {
			isa = XCBuildConfiguration;
			buildSettings = {
				ALWAYS_SEARCH_USER_PATHS = NO;
				CLANG_CXX_LANGUAGE_STANDARD = "gnu++0x";
				CLANG_CXX_LIBRARY = "libc++";
				CLANG_ENABLE_MODULES = YES;
				CLANG_ENABLE_OBJC_ARC = YES;
				CLANG_WARN_BOOL_CONVERSION = YES;
				CLANG_WARN_CONSTANT_CONVERSION = YES;
				CLANG_WARN_DIRECT_OBJC_ISA_USAGE = YES_ERROR;
				CLANG_WARN_EMPTY_BODY = YES;
				CLANG_WARN_ENUM_CONVERSION = YES;
				CLANG_WARN_INT_CONVERSION = YES;
				CLANG_WARN_OBJC_ROOT_CLASS = YES_ERROR;
				CLANG_WARN_UNREACHABLE_CODE = YES;
				CLANG_WARN__DUPLICATE_METHOD_MATCH = YES;
				"CODE_SIGN_IDENTITY[sdk=iphoneos*]" = "iPhone Developer";
				COPY_PHASE_STRIP = NO;
				DEBUG_INFORMATION_FORMAT = dwarf;
				ENABLE_STRICT_OBJC_MSGSEND = YES;
				ENABLE_TESTABILITY = YES;
				GCC_C_LANGUAGE_STANDARD = gnu99;
				GCC_DYNAMIC_NO_PIC = NO;
				GCC_NO_COMMON_BLOCKS = YES;
				GCC_OPTIMIZATION_LEVEL = 0;
				GCC_PREPROCESSOR_DEFINITIONS = (
					"DEBUG=1",
					"$(inherited)",
				);
				GCC_WARN_64_TO_32_BIT_CONVERSION = YES;
				GCC_WARN_ABOUT_RETURN_TYPE = YES_ERROR;
				GCC_WARN_UNDECLARED_SELECTOR = YES;
				GCC_WARN_UNINITIALIZED_AUTOS = YES_AGGRESSIVE;
				GCC_WARN_UNUSED_FUNCTION = YES;
				GCC_WARN_UNUSED_VARIABLE = YES;
				IPHONEOS_DEPLOYMENT_TARGET = 9.2;
				MTL_ENABLE_DEBUG_INFO = YES;
				ONLY_ACTIVE_ARCH = YES;
				SDKROOT = iphoneos;
				SWIFT_OPTIMIZATION_LEVEL = "-Onone";
			};
			name = Debug;
		};
		A90AE7C91C83FE1F00CB472A /* Release */ = {
			isa = XCBuildConfiguration;
			buildSettings = {
				ALWAYS_SEARCH_USER_PATHS = NO;
				CLANG_CXX_LANGUAGE_STANDARD = "gnu++0x";
				CLANG_CXX_LIBRARY = "libc++";
				CLANG_ENABLE_MODULES = YES;
				CLANG_ENABLE_OBJC_ARC = YES;
				CLANG_WARN_BOOL_CONVERSION = YES;
				CLANG_WARN_CONSTANT_CONVERSION = YES;
				CLANG_WARN_DIRECT_OBJC_ISA_USAGE = YES_ERROR;
				CLANG_WARN_EMPTY_BODY = YES;
				CLANG_WARN_ENUM_CONVERSION = YES;
				CLANG_WARN_INT_CONVERSION = YES;
				CLANG_WARN_OBJC_ROOT_CLASS = YES_ERROR;
				CLANG_WARN_UNREACHABLE_CODE = YES;
				CLANG_WARN__DUPLICATE_METHOD_MATCH = YES;
				"CODE_SIGN_IDENTITY[sdk=iphoneos*]" = "iPhone Developer";
				COPY_PHASE_STRIP = NO;
				DEBUG_INFORMATION_FORMAT = "dwarf-with-dsym";
				ENABLE_NS_ASSERTIONS = NO;
				ENABLE_STRICT_OBJC_MSGSEND = YES;
				GCC_C_LANGUAGE_STANDARD = gnu99;
				GCC_NO_COMMON_BLOCKS = YES;
				GCC_WARN_64_TO_32_BIT_CONVERSION = YES;
				GCC_WARN_ABOUT_RETURN_TYPE = YES_ERROR;
				GCC_WARN_UNDECLARED_SELECTOR = YES;
				GCC_WARN_UNINITIALIZED_AUTOS = YES_AGGRESSIVE;
				GCC_WARN_UNUSED_FUNCTION = YES;
				GCC_WARN_UNUSED_VARIABLE = YES;
				IPHONEOS_DEPLOYMENT_TARGET = 9.2;
				MTL_ENABLE_DEBUG_INFO = NO;
				SDKROOT = iphoneos;
				VALIDATE_PRODUCT = YES;
			};
			name = Release;
		};
		A90AE7CB1C83FE1F00CB472A /* Debug */ = {
			isa = XCBuildConfiguration;
			buildSettings = {
				ASSETCATALOG_COMPILER_APPICON_NAME = AppIcon;
				INFOPLIST_FILE = hamburguesas/Info.plist;
				LD_RUNPATH_SEARCH_PATHS = "$(inherited) @executable_path/Frameworks";
				PRODUCT_BUNDLE_IDENTIFIER = net.antoniorios.hamburguesas;
				PRODUCT_NAME = "$(TARGET_NAME)";
			};
			name = Debug;
		};
		A90AE7CC1C83FE1F00CB472A /* Release */ = {
			isa = XCBuildConfiguration;
			buildSettings = {
				ASSETCATALOG_COMPILER_APPICON_NAME = AppIcon;
				INFOPLIST_FILE = hamburguesas/Info.plist;
				LD_RUNPATH_SEARCH_PATHS = "$(inherited) @executable_path/Frameworks";
				PRODUCT_BUNDLE_IDENTIFIER = net.antoniorios.hamburguesas;
				PRODUCT_NAME = "$(TARGET_NAME)";
			};
			name = Release;
		};
/* End XCBuildConfiguration section */

/* Begin XCConfigurationList section */
		A90AE7B31C83FE1F00CB472A /* Build configuration list for PBXProject "hamburguesas" */ = {
			isa = XCConfigurationList;
			buildConfigurations = (
				A90AE7C81C83FE1F00CB472A /* Debug */,
				A90AE7C91C83FE1F00CB472A /* Release */,
			);
			defaultConfigurationIsVisible = 0;
			defaultConfigurationName = Release;
		};
		A90AE7CA1C83FE1F00CB472A /* Build configuration list for PBXNativeTarget "hamburguesas" */ = {
			isa = XCConfigurationList;
			buildConfigurations = (
				A90AE7CB1C83FE1F00CB472A /* Debug */,
				A90AE7CC1C83FE1F00CB472A /* Release */,
			);
			defaultConfigurationIsVisible = 0;
		};
/* End XCConfigurationList section */
	};
	rootObject = A90AE7B01C83FE1F00CB472A /* Project object */;
}
